
Microsoft Visual Studio Solution File, Format Version 12.00
Project("{FAE04EC0-301F-11D3-BF4B-00C04F79EFBC}") = "Sandreas.SpectreConsoleHelpers", "Sandreas.SpectreConsoleHelpers\Sandreas.SpectreConsoleHelpers.csproj", "{F190AC58-96F7-47A3-B858-F1DE2E1DAB21}"
EndProject
Global
	GlobalSection(SolutionConfigurationPlatforms) = preSolution
		Debug|Any CPU = Debug|Any CPU
		Release|Any CPU = Release|Any CPU
	EndGlobalSection
	GlobalSection(ProjectConfigurationPlatforms) = postSolution
		{F190AC58-96F7-47A3-B858-F1DE2E1DAB21}.Debug|Any CPU.ActiveCfg = Debug|Any CPU
		{F190AC58-96F7-47A3-B858-F1DE2E1DAB21}.Debug|Any CPU.Build.0 = Debug|Any CPU
		{F190AC58-96F7-47A3-B858-F1DE2E1DAB21}.Release|Any CPU.ActiveCfg = Release|Any CPU
		{F190AC58-96F7-47A3-B858-F1DE2E1DAB21}.Release|Any CPU.Build.0 = Release|Any CPU
	EndGlobalSection
EndGlobal
